{
  "version": 2,
  "dependencies": {
    "net11.0-windows7.0": {
      "AwesomeAssertions": {
        "type": "Direct",
        "requested": "[9.4.0, )",
        "resolved": "9.4.0",
        "contentHash": "dJxkWiQ8D+xT6Gr2sSL83+Mar+Vpy2JTcUPxFcckpPJ8VYBfSgnk+zqpS6t7kcGnjz8NLyF14qfuoL4bKzzoew=="
      },
      "coverlet.MTP": {
        "type": "Direct",
        "requested": "[10.0.1, )",
        "resolved": "10.0.1",
        "contentHash": "VR4/Y0Arr8cdIKhYE5dZCI2XU1ShCHZEAgm+LjokTThl1vzy9scqq8NDLETok5AchMTtsUQqcAU81N1cgHUclg==",
        "dependencies": {
          "Microsoft.Extensions.Configuration": "10.0.8",
          "Microsoft.Extensions.Configuration.Json": "10.0.8",
          "Microsoft.Extensions.DependencyInjection": "10.0.8",
          "Microsoft.Testing.Platform": "2.2.2"
        }
      },
      "Microsoft.Testing.Extensions.TrxReport": {
        "type": "Direct",
        "requested": "[2.1.0, )",
        "resolved": "2.1.0",
        "contentHash": "cXmP225WcMLLOSrW8xekaNhfzdBwXX3cbXbE5qSzmLbK0KZe3z8rAObKj70FWiPPPzm2W22x0ZW93gsmAfK6Mg==",
        "dependencies": {
          "Microsoft.Testing.Extensions.TrxReport.Abstractions": "2.1.0",
          "Microsoft.Testing.Platform": "2.1.0"
        }
      },
      "Microsoft.Testing.Extensions.VSTestBridge": {
        "type": "Direct",
        "requested": "[2.1.0, )",
        "resolved": "2.1.0",
        "contentHash": "bNRIEA2YoGr+Y+7LHdA7i1U80+7BAdf4K4Qh4Kx6eKkoBK/NV7QpoMg+GWPP0/eqAFzuUmUOIPVZ87Oo0Vyxmw==",
        "dependencies": {
          "Microsoft.TestPlatform.ObjectModel": "18.0.1",
          "Microsoft.Testing.Extensions.Telemetry": "2.1.0",
          "Microsoft.Testing.Extensions.TrxReport.Abstractions": "2.1.0",
          "Microsoft.Testing.Platform": "2.1.0"
        }
      },
      "NUnit": {
        "type": "Direct",
        "requested": "[4.6.1, )",
        "resolved": "4.6.1",
        "contentHash": "xS4+YaBFUv1r8bcAbjitSfYaRZGfMwUiMdiaRziBXZpKgVxKDSHhjUn0mV5mObHGZRZq6eNa+WFWr3g8grj66A=="
      },
      "NUnit3TestAdapter": {
        "type": "Direct",
        "requested": "[6.2.0, )",
        "resolved": "6.2.0",
        "contentHash": "8PMJB8za2u8S0ey/nEtvh9BHjLhv5yzUEMCmA0+VIPLKSeOAZ3TEHWDyAp0+iPQb3jnBH1o8k0PoU2FgzXLRnQ==",
        "dependencies": {
          "Microsoft.Extensions.DependencyModel": "8.0.2",
          "Microsoft.Testing.Extensions.VSTestBridge": "2.1.0",
          "Microsoft.Testing.Platform.MSBuild": "2.1.0"
        }
      },
      "TomsToolbox.Composition.Analyzer": {
        "type": "Direct",
        "requested": "[2.24.0, )",
        "resolved": "2.24.0",
        "contentHash": "dKHqW1MeAMnDIbtx8qDTsGwy/7LUiQ3ccdzHX0PzCh1r98Lgl/1deIky9+ojZO0K5HjeA7uE+eW9/h+v7EOIBA=="
      },
      "Microsoft.ApplicationInsights": {
        "type": "Transitive",
        "resolved": "2.23.0",
        "contentHash": "nWArUZTdU7iqZLycLKWe0TDms48KKGE6pONH2terYNa8REXiqixrMOkf1sk5DHGMaUTqONU2YkS4SAXBhLStgw=="
      },
      "Microsoft.CodeAnalysis.Analyzers": {
        "type": "Transitive",
        "resolved": "5.6.0-2.26172.2",
        "contentHash": "xRPIwva1u2UuX46lfccAl8+86YnjzXjoCD83KanidOq/qHXHt4UdhWj4oPGtAcVnYWiiQPnYwi16wD6SSuLZUw=="
      },
      "Microsoft.DiaSymReader.PortablePdb": {
        "type": "Transitive",
        "resolved": "1.7.0-beta-21525-03",
        "contentHash": "5kthnTSHE9Emo6KpSIAjl4gwpkZKvug67WVLOaJ03H1isIipyom1XPUc/5rh+WlItbI9ZLZPJlMg6kKOb+lxwA==",
        "dependencies": {
          "Microsoft.DiaSymReader": "1.4.0-beta2-21525-04",
          "NETStandard.Library": "1.6.1"
        }
      },
      "Microsoft.Extensions.Configuration.Abstractions": {
        "type": "Transitive",
        "resolved": "10.0.9",
        "contentHash": "qGhRPd3VxfLV9UqatVOiD9mAeUbj2KiMwGFYC5uXlzExiZQoe4X/hdmzGIU7BQjNLTqCnnbTHVyBglG3668/HA==",
        "dependencies": {
          "Microsoft.Extensions.Primitives": "10.0.9"
        }
      },
      "Microsoft.Extensions.Configuration.FileExtensions": {
        "type": "Transitive",
        "resolved": "10.0.9",
        "contentHash": "NgLB9cYnIb0/djSDcnqo4GIGGWooxGmr/gCUe3/CRXcKqLizOFui8MyW4EVkTB/KNJL+oXdMXnD6ZRm3Y+qkrQ==",
        "dependencies": {
          "Microsoft.Extensions.Configuration": "10.0.9",
          "Microsoft.Extensions.Configuration.Abstractions": "10.0.9",
          "Microsoft.Extensions.FileProviders.Abstractions": "10.0.9",
          "Microsoft.Extensions.FileProviders.Physical": "10.0.9",
          "Microsoft.Extensions.Primitives": "10.0.9"
        }
      },
      "Microsoft.Extensions.DependencyInjection": {
        "type": "Transitive",
        "resolved": "10.0.8",
        "contentHash": "daf62xHIrq8pnE709hgaZZN9tSam9TGGepWe1+bE6V3GEuVwJiMs6ib+38lfMCyAJAHiX0vapxBhsuMSV7U+cg==",
        "dependencies": {
          "Microsoft.Extensions.DependencyInjection.Abstractions": "10.0.8"
        }
      },
      "Microsoft.Extensions.DependencyModel": {
        "type": "Transitive",
        "resolved": "8.0.2",
        "contentHash": "mUBDZZRgZrSyFOsJ2qJJ9fXfqd/kXJwf3AiDoqLD9m6TjY5OO/vLNOb9fb4juC0487eq4hcGN/M2Rh/CKS7QYw=="
      },
      "Microsoft.Extensions.FileProviders.Abstractions": {
        "type": "Transitive",
        "resolved": "10.0.9",
        "contentHash": "Oxn4vqDk+EwceTMpZxVm7L/UZEAM1qIQlNP1+7tBZckD+P4SKrm/5X4gMTPCTdpnau/xY8Sb4/0d6onomSg4ZA==",
        "dependencies": {
          "Microsoft.Extensions.Primitives": "10.0.9"
        }
      },
      "Microsoft.Extensions.FileProviders.Physical": {
        "type": "Transitive",
        "resolved": "10.0.9",
        "contentHash": "zm8WVod4swgprGrkxkuSILlbXqdDRqF+3y6U0I7jlmj4PMyKN6d8pzXZHUn5lr/gZVULzk/+FeTYlTupt6akpg==",
        "dependencies": {
          "Microsoft.Extensions.FileProviders.Abstractions": "10.0.9",
          "Microsoft.Extensions.FileSystemGlobbing": "10.0.9",
          "Microsoft.Extensions.Primitives": "10.0.9"
        }
      },
      "Microsoft.Extensions.FileSystemGlobbing": {
        "type": "Transitive",
        "resolved": "10.0.9",
        "contentHash": "mvRf9qOH/LslWIee/h+lsElnoUyKotEwoPL31soqScmO/eoxObaTCLCdx2DdqPdRi9LnB+7qKZ49jfyrLZuc+w=="
      },
      "Microsoft.Extensions.Primitives": {
        "type": "Transitive",
        "resolved": "10.0.9",
        "contentHash": "fmEbAUFsaIKirgLt/lYhuFRBwhcSJN31jjHgCdbQxJiWOum6EdLjkbgGuukSP9z/a+9LibaxII/kF+GwOXgC4g=="
      },
      "Microsoft.NETCore.Platforms": {
        "type": "Transitive",
        "resolved": "1.1.0",
        "contentHash": "kz0PEW2lhqygehI/d6XsPCQzD7ff7gUJaVGPVETX611eadGsA3A877GdSlU0LRVMCTH/+P3o2iDTak+S08V2+A=="
      },
      "Microsoft.Testing.Extensions.Telemetry": {
        "type": "Transitive",
        "resolved": "2.1.0",
        "contentHash": "5TwgTx2u7k9Al/xbZ18QXq4Hdy2xewkVTI6K3sk+jY2ykqUkIKNuj7rFu3GOV5KnEUkevhw6eZcyZs77STHJIA==",
        "dependencies": {
          "Microsoft.ApplicationInsights": "2.23.0",
          "Microsoft.Testing.Platform": "2.1.0"
        }
      },
      "Microsoft.Testing.Extensions.TrxReport.Abstractions": {
        "type": "Transitive",
        "resolved": "2.1.0",
        "contentHash": "D8xmIJYQFJ6D49Rx5/vPrkZZxb338Jkew+eSqZLBfBiWKw4QZKy3i1BOXiLfz0lOmaNErwDz/YWRojCdNl+B9Q==",
        "dependencies": {
          "Microsoft.Testing.Platform": "2.1.0"
        }
      },
      "Microsoft.Testing.Platform": {
        "type": "Transitive",
        "resolved": "2.2.2",
        "contentHash": "9mUsTOri0aVqBX7/EJwqVJxVwdOzGUVJqK1H2EMfIl9xxJuSdqhfAlJbukl/iNugvi4+cmQs/LI8PLTDUT9P1A=="
      },
      "Microsoft.Testing.Platform.MSBuild": {
        "type": "Transitive",
        "resolved": "2.1.0",
        "contentHash": "UpfPebXQtHGrWz21+YLHmJSm+5zsuPE9U9pfdCtoB+67g75fDmWlNgpkH2ZmdVhSwkjNIed9Icg8Iu63z2ei5Q==",
        "dependencies": {
          "Microsoft.Testing.Platform": "2.1.0"
        }
      },
      "Microsoft.TestPlatform.ObjectModel": {
        "type": "Transitive",
        "resolved": "18.0.1",
        "contentHash": "qT/mwMcLF9BieRkzOBPL2qCopl8hQu6A1P7JWAoj/FMu5i9vds/7cjbJ/LLtaiwWevWLAeD5v5wjQJ/l6jvhWQ=="
      },
      "NETStandard.Library": {
        "type": "Transitive",
        "resolved": "1.6.1",
        "contentHash": "WcSp3+vP+yHNgS8EV5J7pZ9IRpeDuARBPN28by8zqff1wJQXm26PVU8L3/fYLBJVU7BtDyqNVWq2KlCVvSSR4A==",
        "dependencies": {
          "Microsoft.NETCore.Platforms": "1.1.0"
        }
      },
      "Newtonsoft.Json": {
        "type": "Transitive",
        "resolved": "13.0.3",
        "contentHash": "HrC5BXdl00IP9zeV+0Z848QWPAoCr9P3bDEZguI+gkLcBKAOxix/tLEAAHC+UvDNPv4a2d18lOReHMOagPa+zQ=="
      },
      "NuGet.Common": {
        "type": "Transitive",
        "resolved": "7.6.0",
        "contentHash": "uyXLqkbbZmkMvdHOR23l1EHW2hRmULtzoG3Ocj84VpGptnNfkODVboHGJfDfcn9Gi9oUNDs8/VjL4FZcST6zVg==",
        "dependencies": {
          "NuGet.Frameworks": "7.6.0"
        }
      },
      "NuGet.Configuration": {
        "type": "Transitive",
        "resolved": "7.6.0",
        "contentHash": "+bNj+YneC5CNg1vR+WZjLAakscJlsi0KhADZUgIJPn4pwh8/jeCUMC5ik5cpET/i+QOplDy7aJVTGkpdfrlPww==",
        "dependencies": {
          "NuGet.Common": "7.6.0"
        }
      },
      "NuGet.Frameworks": {
        "type": "Transitive",
        "resolved": "7.6.0",
        "contentHash": "rJ7QtKN45XzLXCrMATve6eFLiUyUGEkA1rFSb6U6Fw6laM4hEAcKOrcdbgWlcFUlCK2158qP1LF00hg/ivF3nw=="
      },
      "NuGet.Packaging": {
        "type": "Transitive",
        "resolved": "7.6.0",
        "contentHash": "TDp+qHzRBy1zjwiJGCbfpdO0jMG5hH/bk7p1EABLKv9p5SIykDPGnbuYXm2iZO0QJ/H+hOI/vo5LfqM17Q+G0w==",
        "dependencies": {
          "Newtonsoft.Json": "13.0.3",
          "NuGet.Configuration": "7.6.0",
          "NuGet.Versioning": "7.6.0"
        }
      },
      "NuGet.Versioning": {
        "type": "Transitive",
        "resolved": "7.6.0",
        "contentHash": "TpZxfOoQBQk/0r/2uc1A1qNYIKHkJGgOrWP+ax3nsNAUN/1BOQMDrgmGADogSA4hOXH1ZJiyeYg4Ca+vUW0sEg=="
      },
      "icsharpcode.decompiler": {
        "type": "Project"
      },
      "icsharpcode.decompiler.tests": {
        "type": "Project",
        "dependencies": {
          "AwesomeAssertions": "[9.4.0, )",
          "CliWrap": "[3.10.2, )",
          "DiffLib": "[2025.0.0, )",
          "ICSharpCode.Decompiler": "[8.0.0-noversion, )",
          "ICSharpCode.ILSpyX": "[8.0.0-noversion, )",
          "Microsoft.CodeAnalysis.CSharp": "[5.8.0-1.26302.115, )",
          "Microsoft.CodeAnalysis.VisualBasic": "[5.8.0-1.26302.115, )",
          "Microsoft.DiaSymReader": "[1.4.0, )",
          "Microsoft.DiaSymReader.Converter.Xml": "[1.1.0-beta2-22171-02, )",
          "Microsoft.DiaSymReader.Native": "[17.0.0-beta1.21524.1, )",
          "Microsoft.Extensions.Configuration": "[10.0.9, )",
          "Microsoft.Extensions.Configuration.Json": "[10.0.9, )",
          "Microsoft.NETCore.ILAsm": "[10.0.9, )",
          "Microsoft.NETCore.ILDAsm": "[10.0.9, )",
          "Microsoft.Testing.Extensions.TrxReport": "[2.1.0, )",
          "Microsoft.Testing.Extensions.VSTestBridge": "[2.1.0, )",
          "Mono.Cecil": "[0.11.6, )",
          "NUnit": "[4.6.1, )",
          "NUnit3TestAdapter": "[6.2.0, )",
          "NuGet.Protocol": "[7.6.0, )",
          "coverlet.MTP": "[10.0.1, )"
        }
      },
      "icsharpcode.ilspyx": {
        "type": "Project",
        "dependencies": {
          "ICSharpCode.Decompiler": "[8.0.0-noversion, )",
          "K4os.Compression.LZ4": "[1.3.8, )",
          "Mono.Cecil": "[0.11.6, )",
          "System.Composition.AttributedModel": "[10.0.9, )"
        }
      },
      "CliWrap": {
        "type": "CentralTransitive",
        "requested": "[3.10.2, )",
        "resolved": "3.10.2",
        "contentHash": "oW63Lh5Tr2dVRnGSn5UyV2ITAYTdyaGB8r4pGMcz7CwfzketV7ANyn2LvNJtOjXjL/tJbG0qDH8Xwgt3jgGMNg=="
      },
      "DiffLib": {
        "type": "CentralTransitive",
        "requested": "[2025.0.0, )",
        "resolved": "2025.0.0",
        "contentHash": "2ibNJ44JZWyTDBvvYaT5VqzzAOARZLH72k9rLw1GmABR+FiKowUGAx7GMXAKAFRCPFmD/4oHTFJ8FTeKHGvCUQ=="
      },
      "K4os.Compression.LZ4": {
        "type": "CentralTransitive",
        "requested": "[1.3.8, )",
        "resolved": "1.3.8",
        "contentHash": "LhwlPa7c1zs1OV2XadMtAWdImjLIsqFJPoRcIWAadSRn0Ri1DepK65UbWLPmt4riLqx2d40xjXRk0ogpqNtK7g=="
      },
      "Microsoft.CodeAnalysis.Common": {
        "type": "CentralTransitive",
        "requested": "[5.8.0-1.26302.115, )",
        "resolved": "5.8.0-1.26302.115",
        "contentHash": "GVNztynnvtpOh19LGlhwQTNOBKoSsaJ+Q+fA80AMKJNDXw25mCTJLM4TEJfyTolJj6DesIK78Xlu3iG7y8sIMg==",
        "dependencies": {
          "Microsoft.CodeAnalysis.Analyzers": "5.6.0-2.26172.2"
        }
      },
      "Microsoft.CodeAnalysis.CSharp": {
        "type": "CentralTransitive",
        "requested": "[5.8.0-1.26302.115, )",
        "resolved": "5.8.0-1.26302.115",
        "contentHash": "de0KhNkmcBQcEyBvdDrKIv3C/hPK9L10ZDFDXzjNvq35+epUlfGhfrdwOsIHOXSI6F9ZD72Xyr9QA9Q4ZYws6A==",
        "dependencies": {
          "Microsoft.CodeAnalysis.Analyzers": "5.6.0-2.26172.2",
          "Microsoft.CodeAnalysis.Common": "[5.8.0-1.26302.115]"
        }
      },
      "Microsoft.CodeAnalysis.VisualBasic": {
        "type": "CentralTransitive",
        "requested": "[5.8.0-1.26302.115, )",
        "resolved": "5.8.0-1.26302.115",
        "contentHash": "vSFRJuGyBCKlPw18Mk5cvDPJFADfLHO1p6t7om9d7xRhPJDWbfVtrg6q7b529Fe6bXECeN/CEDVW4htECL8hXA==",
        "dependencies": {
          "Microsoft.CodeAnalysis.Analyzers": "5.6.0-2.26172.2",
          "Microsoft.CodeAnalysis.Common": "[5.8.0-1.26302.115]"
        }
      },
      "Microsoft.DiaSymReader": {
        "type": "CentralTransitive",
        "requested": "[1.4.0, )",
        "resolved": "1.4.0",
        "contentHash": "iLtWq5/W5ePzSraavAFeXAbasE6REDByizTz6M8yQO3e4jf+6pRqPLdNCSvnSfKRVqsF7y/lTVWhqlf89ttweg==",
        "dependencies": {
          "NETStandard.Library": "1.6.1"
        }
      },
      "Microsoft.DiaSymReader.Converter.Xml": {
        "type": "CentralTransitive",
        "requested": "[1.1.0-beta2-22171-02, )",
        "resolved": "1.1.0-beta2-22171-02",
        "contentHash": "Ixyqx+J0j/GXv87Yr4kJ79vkuQKOyMdZJtSQDEVUWheEXaQClYIn+jKwFIvZTFrIHqb+Iua2U46qj6DzQkT2uQ==",
        "dependencies": {
          "Microsoft.DiaSymReader": "1.4.0-beta2-21528-01",
          "Microsoft.DiaSymReader.Native": "17.0.0-beta1.21524.1",
          "Microsoft.DiaSymReader.PortablePdb": "1.7.0-beta-21525-03"
        }
      },
      "Microsoft.DiaSymReader.Native": {
        "type": "CentralTransitive",
        "requested": "[17.0.0-beta1.21524.1, )",
        "resolved": "17.0.0-beta1.21524.1",
        "contentHash": "bddH6yTHLUhIDC159WqQR1zyoO5HUyLv0kP7O7kAy2kZIlQSKwhdMn80BPbO/zbcMaURLe/7WAtimG5Nq+qevA=="
      },
      "Microsoft.Extensions.Configuration": {
        "type": "CentralTransitive",
        "requested": "[10.0.9, )",
        "resolved": "10.0.9",
        "contentHash": "woZsWLhOQsASuxbmgiZJqiGUBNo3IjRdXC92xt8rRokza+P6/nIsnzq7sm9Or6ZYcRl2kL1ufj8HVzp1QlPTXw==",
        "dependencies": {
          "Microsoft.Extensions.Configuration.Abstractions": "10.0.9",
          "Microsoft.Extensions.Primitives": "10.0.9"
        }
      },
      "Microsoft.Extensions.Configuration.Json": {
        "type": "CentralTransitive",
        "requested": "[10.0.9, )",
        "resolved": "10.0.9",
        "contentHash": "LiFKJgc9jZEW+7RhcSfsvCwoikt1lDdOqOn+whZC5zVHyg/gExftHl2QPtmfiHsEdDNg+Y+BDr6835tOfj8Y7A==",
        "dependencies": {
          "Microsoft.Extensions.Configuration": "10.0.9",
          "Microsoft.Extensions.Configuration.Abstractions": "10.0.9",
          "Microsoft.Extensions.Configuration.FileExtensions": "10.0.9",
          "Microsoft.Extensions.FileProviders.Abstractions": "10.0.9"
        }
      },
      "Microsoft.Extensions.DependencyInjection.Abstractions": {
        "type": "CentralTransitive",
        "requested": "[10.0.9, )",
        "resolved": "10.0.9",
        "contentHash": "g41l/30G3K4B/d/L8kjux0+30e27c8D0FVQ/PFCpbekgfDpj9mnDhieP67EqXWvl1EWNeZh2rpR4F5B/jcDOHA=="
      },
      "Microsoft.NETCore.ILAsm": {
        "type": "CentralTransitive",
        "requested": "[10.0.9, )",
        "resolved": "10.0.9",
        "contentHash": "pJK7G8kVvEi6aolga18kMbL0LK3qtikO/OakBVrs/fh8GTaBtt66lWKrvrBFU1sRwqb1p87yRFxF6py/JWq21w=="
      },
      "Microsoft.NETCore.ILDAsm": {
        "type": "CentralTransitive",
        "requested": "[10.0.9, )",
        "resolved": "10.0.9",
        "contentHash": "SUayB6iCplT41PhQ3w1r+c2oYCNEaQI7gzcnb3ebZuDG6PIO+vcKFk4Ct7JcEc9EaxY3nbplhCdkysJiMPGV1Q=="
      },
      "Mono.Cecil": {
        "type": "CentralTransitive",
        "requested": "[0.11.6, )",
        "resolved": "0.11.6",
        "contentHash": "f33RkDtZO8VlGXCtmQIviOtxgnUdym9xx/b1p9h91CRGOsJFxCFOFK1FDbVt1OCf1aWwYejUFa2MOQyFWTFjbA=="
      },
      "NuGet.Protocol": {
        "type": "CentralTransitive",
        "requested": "[7.6.0, )",
        "resolved": "7.6.0",
        "contentHash": "Ccb9dJG9hW0FdHFjXoHmhJBBJRYSCeSJArLdZjyZj6/FEAIKezLn75KFQNrTPE5UiAp4HVrjBizufZ/0IXhfKQ==",
        "dependencies": {
          "NuGet.Packaging": "7.6.0"
        }
      },
      "System.Composition.AttributedModel": {
        "type": "CentralTransitive",
        "requested": "[10.0.9, )",
        "resolved": "10.0.9",
        "contentHash": "ASCoBdxIae3IZFYLffKh9opLst7aZeujYt4yj55eayM1wr+kGxR4HxPEKbTcOIPMDigZ4LX5WD1ZSSTkpqoTDA=="
      }
    },
    "net11.0-windows7.0/win-x64": {
      "runtime.win-x64.Microsoft.NETCore.ILAsm": {
        "type": "Transitive",
        "resolved": "10.0.9",
        "contentHash": "zE7bgwXvIhfJsoVyd2Gk0/ZqCYgXTGzjgkEqHEb/Q6yYXUFYx4LAqK9dcDs5P863rtKPJ/VBgxCwhvlBfGd4Kw=="
      },
      "runtime.win-x64.Microsoft.NETCore.ILDAsm": {
        "type": "Transitive",
        "resolved": "10.0.9",
        "contentHash": "J6i6pIy4NyLyOYxG2hoL7GeAxwvfUtIsvNZ3mnuTbBr7wyuFlsfEC7LT6uPLXk+Q1cbUDl12wQzlEPe/FIBl6w=="
      },
      "Microsoft.DiaSymReader.Native": {
        "type": "CentralTransitive",
        "requested": "[17.0.0-beta1.21524.1, )",
        "resolved": "17.0.0-beta1.21524.1",
        "contentHash": "bddH6yTHLUhIDC159WqQR1zyoO5HUyLv0kP7O7kAy2kZIlQSKwhdMn80BPbO/zbcMaURLe/7WAtimG5Nq+qevA=="
      },
      "Microsoft.NETCore.ILAsm": {
        "type": "CentralTransitive",
        "requested": "[10.0.9, )",
        "resolved": "10.0.9",
        "contentHash": "pJK7G8kVvEi6aolga18kMbL0LK3qtikO/OakBVrs/fh8GTaBtt66lWKrvrBFU1sRwqb1p87yRFxF6py/JWq21w==",
        "dependencies": {
          "runtime.win-x64.Microsoft.NETCore.ILAsm": "10.0.9"
        }
      },
      "Microsoft.NETCore.ILDAsm": {
        "type": "CentralTransitive",
        "requested": "[10.0.9, )",
        "resolved": "10.0.9",
        "contentHash": "SUayB6iCplT41PhQ3w1r+c2oYCNEaQI7gzcnb3ebZuDG6PIO+vcKFk4Ct7JcEc9EaxY3nbplhCdkysJiMPGV1Q==",
        "dependencies": {
          "runtime.win-x64.Microsoft.NETCore.ILDAsm": "10.0.9"
        }
      }
    }
  }
}